PODS:
  - Flutter (1.0.0)
  - integration_test (0.0.1):
    - Flutter
  - passkeys_ios (0.0.1):
    - Flutter

DEPENDENCIES:
  - Flutter (from `Flutter`)
  - integration_test (from `.symlinks/plugins/integration_test/ios`)
  - passkeys_ios (from `.symlinks/plugins/passkeys_ios/ios`)

EXTERNAL SOURCES:
  Flutter:
    :path: Flutter
  integration_test:
    :path: ".symlinks/plugins/integration_test/ios"
  passkeys_ios:
    :path: ".symlinks/plugins/passkeys_ios/ios"

SPEC CHECKSUMS:
  Flutter: f04841e97a9d0b0a8025694d0796dd46242b2854
  integration_test: 13825b8a9334a850581300559b8839134b124670
  passkeys_ios: fdae8c06e2178a9fcb9261a6cb21fb9a06a81d53

PODFILE CHECKSUM: ef19549a9bc3046e7bb7d2fab4d021637c0c58a3

COCOAPODS: 1.11.2
